
Microsoft Visual Studio Solution File, Format Version 12.00
# Visual Studio Version 17
VisualStudioVersion = 17.7.34024.191
MinimumVisualStudioVersion = 10.0.40219.1
Project("{FAE04EC0-301F-11D3-BF4B-00C04F79EFBC}") = "ConsoleAppdz7.5", "ConsoleAppdz7.5\ConsoleAppdz7.5.csproj", "{1B6C928E-9A6D-491E-AE3F-A6943EEA5111}"
EndProject
Global
	GlobalSection(SolutionConfigurationPlatforms) = preSolution
		Debug|Any CPU = Debug|Any CPU
		Release|Any CPU = Release|Any CPU
	EndGlobalSection
	GlobalSection(ProjectConfigurationPlatforms) = postSolution
		{1B6C928E-9A6D-491E-AE3F-A6943EEA5111}.Debug|Any CPU.ActiveCfg = Debug|Any CPU
		{1B6C928E-9A6D-491E-AE3F-A6943EEA5111}.Debug|Any CPU.Build.0 = Debug|Any CPU
		{1B6C928E-9A6D-491E-AE3F-A6943EEA5111}.Release|Any CPU.ActiveCfg = Release|Any CPU
		{1B6C928E-9A6D-491E-AE3F-A6943EEA5111}.Release|Any CPU.Build.0 = Release|Any CPU
	EndGlobalSection
	GlobalSection(SolutionProperties) = preSolution
		HideSolutionNode = FALSE
	EndGlobalSection
	GlobalSection(ExtensibilityGlobals) = postSolution
		SolutionGuid = {C976E712-97E7-4C2E-A9C9-D253D4437353}
	EndGlobalSection
EndGlobal
